// !$*UTF8*$!
{
	archiveVersion = 1;
	classes = {
	};
	objectVersion = 50;
	objects = {

/* Begin PBXBuildFile section */
		8EA65C232148149A00253336 /* AppDelegate.swift in Sources */ = {isa = PBXBuildFile; fileRef = 8EA65C222148149A00253336 /* AppDelegate.swift */; };
		8EA65C252148149A00253336 /* ViewController.swift in Sources */ = {isa = PBXBuildFile; fileRef = 8EA65C242148149A00253336 /* ViewController.swift */; };
		8EA65C282148149A00253336 /* Main.storyboard in Resources */ = {isa = PBXBuildFile; fileRef = 8EA65C262148149A00253336 /* Main.storyboard */; };
		8EA65C2A2148149B00253336 /* Assets.xcassets in Resources */ = {isa = PBXBuildFile; fileRef = 8EA65C292148149B00253336 /* Assets.xcassets */; };
		8EA65C2D2148149B00253336 /* LaunchScreen.storyboard in Resources */ = {isa = PBXBuildFile; fileRef = 8EA65C2B2148149B00253336 /* LaunchScreen.storyboard */; };
		8EA65C382148149C00253336 /* AppBTests.swift in Sources */ = {isa = PBXBuildFile; fileRef = 8EA65C372148149C00253336 /* AppBTests.swift */; };
		8EA65C432148149C00253336 /* AppBUITests.swift in Sources */ = {isa = PBXBuildFile; fileRef = 8EA65C422148149C00253336 /* AppBUITests.swift */; };
/* End PBXBuildFile section */

/* Begin PBXContainerItemProxy section */
		8EA65C342148149C00253336 /* PBXContainerItemProxy */ = {
			isa = PBXContainerItemProxy;
			containerPortal = 8EA65C172148149A00253336 /* Project object */;
			proxyType = 1;
			remoteGlobalIDString = 8EA65C1E2148149A00253336;
			remoteInfo = AppB;
		};
		8EA65C3F2148149C00253336 /* PBXContainerItemProxy */ = {
			isa = PBXContainerItemProxy;
			containerPortal = 8EA65C172148149A00253336 /* Project object */;
			proxyType = 1;
			remoteGlobalIDString = 8EA65C1E2148149A00253336;
			remoteInfo = AppB;
		};
/* End PBXContainerItemProxy section */

/* Begin PBXFileReference section */
		8EA65C1F2148149A00253336 /* AppB.app */ = {isa = PBXFileReference; explicitFileType = wrapper.application; includeInIndex = 0; path = AppB.app; sourceTree = BUILT_PRODUCTS_DIR; };
		8EA65C222148149A00253336 /* AppDelegate.swift */ = {isa = PBXFileReference; lastKnownFileType = sourcecode.swift; path = AppDelegate.swift; sourceTree = "<group>"; };
		8EA65C242148149A00253336 /* ViewController.swift */ = {isa = PBXFileReference; lastKnownFileType = sourcecode.swift; path = ViewController.swift; sourceTree = "<group>"; };
		8EA65C272148149A00253336 /* Base */ = {isa = PBXFileReference; lastKnownFileType = file.storyboard; name = Base; path = Base.lproj/Main.storyboard; sourceTree = "<group>"; };
		8EA65C292148149B00253336 /* Assets.xcassets */ = {isa = PBXFileReference; lastKnownFileType = folder.assetcatalog; path = Assets.xcassets; sourceTree = "<group>"; };
		8EA65C2C2148149B00253336 /* Base */ = {isa = PBXFileReference; lastKnownFileType = file.storyboard; name = Base; path = Base.lproj/LaunchScreen.storyboard; sourceTree = "<group>"; };
		8EA65C2E2148149B00253336 /* Info.plist */ = {isa = PBXFileReference; lastKnownFileType = text.plist.xml; path = Info.plist; sourceTree = "<group>"; };
		8EA65C332148149C00253336 /* AppBTests.xctest */ = {isa = PBXFileReference; explicitFileType = wrapper.cfbundle; includeInIndex = 0; path = AppBTests.xctest; sourceTree = BUILT_PRODUCTS_DIR; };
		8EA65C372148149C00253336 /* AppBTests.swift */ = {isa = PBXFileReference; lastKnownFileType = sourcecode.swift; path = AppBTests.swift; sourceTree = "<group>"; };
		8EA65C392148149C00253336 /* Info.plist */ = {isa = PBXFileReference; lastKnownFileType = text.plist.xml; path = Info.plist; sourceTree = "<group>"; };
		8EA65C3E2148149C00253336 /* AppBUITests.xctest */ = {isa = PBXFileReference; explicitFileType = wrapper.cfbundle; includeInIndex = 0; path = AppBUITests.xctest; sourceTree = BUILT_PRODUCTS_DIR; };
		8EA65C422148149C00253336 /* AppBUITests.swift */ = {isa = PBXFileReference; lastKnownFileType = sourcecode.swift; path = AppBUITests.swift; sourceTree = "<group>"; };
		8EA65C442148149C00253336 /* Info.plist */ = {isa = PBXFileReference; lastKnownFileType = text.plist.xml; path = Info.plist; sourceTree = "<group>"; };
/* End PBXFileReference section */

/* Begin PBXFrameworksBuildPhase section */
		8EA65C1C2148149A00253336 /* Frameworks */ = {
			isa = PBXFrameworksBuildPhase;
			buildActionMask = 2147483647;
			files = (
			);
			runOnlyForDeploymentPostprocessing = 0;
		};
		8EA65C302148149C00253336 /* Frameworks */ = {
			isa = PBXFrameworksBuildPhase;
			buildActionMask = 2147483647;
			files = (
			);
			runOnlyForDeploymentPostprocessing = 0;
		};
		8EA65C3B2148149C00253336 /* Frameworks */ = {
			isa = PBXFrameworksBuildPhase;
			buildActionMask = 2147483647;
			files = (
			);
			runOnlyForDeploymentPostprocessing = 0;
		};
/* End PBXFrameworksBuildPhase section */

/* Begin PBXGroup section */
		8EA65C162148149A00253336 = {
			isa = PBXGroup;
			children = (
				8EA65C212148149A00253336 /* AppB */,
				8EA65C362148149C00253336 /* AppBTests */,
				8EA65C412148149C00253336 /* AppBUITests */,
				8EA65C202148149A00253336 /* Products */,
			);
			sourceTree = "<group>";
		};
		8EA65C202148149A00253336 /* Products */ = {
			isa = PBXGroup;
			children = (
				8EA65C1F2148149A00253336 /* AppB.app */,
				8EA65C332148149C00253336 /* AppBTests.xctest */,
				8EA65C3E2148149C00253336 /* AppBUITests.xctest */,
			);
			name = Products;
			sourceTree = "<group>";
		};
		8EA65C212148149A00253336 /* AppB */ = {
			isa = PBXGroup;
			children = (
				8EA65C222148149A00253336 /* AppDelegate.swift */,
				8EA65C242148149A00253336 /* ViewController.swift */,
				8EA65C262148149A00253336 /* Main.storyboard */,
				8EA65C292148149B00253336 /* Assets.xcassets */,
				8EA65C2B2148149B00253336 /* LaunchScreen.storyboard */,
				8EA65C2E2148149B00253336 /* Info.plist */,
			);
			path = AppB;
			sourceTree = "<group>";
		};
		8EA65C362148149C00253336 /* AppBTests */ = {
			isa = PBXGroup;
			children = (
				8EA65C372148149C00253336 /* AppBTests.swift */,
				8EA65C392148149C00253336 /* Info.plist */,
			);
			path = AppBTests;
			sourceTree = "<group>";
		};
		8EA65C412148149C00253336 /* AppBUITests */ = {
			isa = PBXGroup;
			children = (
				8EA65C422148149C00253336 /* AppBUITests.swift */,
				8EA65C442148149C00253336 /* Info.plist */,
			);
			path = AppBUITests;
			sourceTree = "<group>";
		};
/* End PBXGroup section */

/* Begin PBXNativeTarget section */
		8EA65C1E2148149A00253336 /* AppB */ = {
			isa = PBXNativeTarget;
			buildConfigurationList = 8EA65C472148149C00253336 /* Build configuration list for PBXNativeTarget "AppB" */;
			buildPhases = (
				8EA65C1B2148149A00253336 /* Sources */,
				8EA65C1C2148149A00253336 /* Frameworks */,
				8EA65C1D2148149A00253336 /* Resources */,
			);
			buildRules = (
			);
			dependencies = (
			);
			name = AppB;
			productName = AppB;
			productReference = 8EA65C1F2148149A00253336 /* AppB.app */;
			productType = "com.apple.product-type.application";
		};
		8EA65C322148149C00253336 /* AppBTests */ = {
			isa = PBXNativeTarget;
			buildConfigurationList = 8EA65C4A2148149C00253336 /* Build configuration list for PBXNativeTarget "AppBTests" */;
			buildPhases = (
				8EA65C2F2148149C00253336 /* Sources */,
				8EA65C302148149C00253336 /* Frameworks */,
				8EA65C312148149C00253336 /* Resources */,
			);
			buildRules = (
			);
			dependencies = (
				8EA65C352148149C00253336 /* PBXTargetDependency */,
			);
			name = AppBTests;
			productName = AppBTests;
			productReference = 8EA65C332148149C00253336 /* AppBTests.xctest */;
			productType = "com.apple.product-type.bundle.unit-test";
		};
		8EA65C3D2148149C00253336 /* AppBUITests */ = {
			isa = PBXNativeTarget;
			buildConfigurationList = 8EA65C4D2148149C00253336 /* Build configuration list for PBXNativeTarget "AppBUITests" */;
			buildPhases = (
				8EA65C3A2148149C00253336 /* Sources */,
				8EA65C3B2148149C00253336 /* Frameworks */,
				8EA65C3C2148149C00253336 /* Resources */,
			);
			buildRules = (
			);
			dependencies = (
				8EA65C402148149C00253336 /* PBXTargetDependency */,
			);
			name = AppBUITests;
			productName = AppBUITests;
			productReference = 8EA65C3E2148149C00253336 /* AppBUITests.xctest */;
			productType = "com.apple.product-type.bundle.ui-testing";
		};
/* End PBXNativeTarget section */

/* Begin PBXProject section */
		8EA65C172148149A00253336 /* Project object */ = {
			isa = PBXProject;
			attributes = {
				LastSwiftUpdateCheck = 0940;
				LastUpgradeCheck = 0940;
				ORGANIZATIONNAME = "YI-LUN TSAI";
				TargetAttributes = {
					8EA65C1E2148149A00253336 = {
						CreatedOnToolsVersion = 9.4.1;
					};
					8EA65C322148149C00253336 = {
						CreatedOnToolsVersion = 9.4.1;
						TestTargetID = 8EA65C1E2148149A00253336;
					};
					8EA65C3D2148149C00253336 = {
						CreatedOnToolsVersion = 9.4.1;
						TestTargetID = 8EA65C1E2148149A00253336;
					};
				};
			};
			buildConfigurationList = 8EA65C1A2148149A00253336 /* Build configuration list for PBXProject "AppB" */;
			compatibilityVersion = "Xcode 9.3";
			developmentRegion = en;
			hasScannedForEncodings = 0;
			knownRegions = (
				en,
				Base,
			);
			mainGroup = 8EA65C162148149A00253336;
			productRefGroup = 8EA65C202148149A00253336 /* Products */;
			projectDirPath = "";
			projectRoot = "";
			targets = (
				8EA65C1E2148149A00253336 /* AppB */,
				8EA65C322148149C00253336 /* AppBTests */,
				8EA65C3D2148149C00253336 /* AppBUITests */,
			);
		};
/* End PBXProject section */

/* Begin PBXResourcesBuildPhase section */
		8EA65C1D2148149A00253336 /* Resources */ = {
			isa = PBXResourcesBuildPhase;
			buildActionMask = 2147483647;
			files = (
				8EA65C2D2148149B00253336 /* LaunchScreen.storyboard in Resources */,
				8EA65C2A2148149B00253336 /* Assets.xcassets in Resources */,
				8EA65C282148149A00253336 /* Main.storyboard in Resources */,
			);
			runOnlyForDeploymentPostprocessing = 0;
		};
		8EA65C312148149C00253336 /* Resources */ = {
			isa = PBXResourcesBuildPhase;
			buildActionMask = 2147483647;
			files = (
			);
			runOnlyForDeploymentPostprocessing = 0;
		};
		8EA65C3C2148149C00253336 /* Resources */ = {
			isa = PBXResourcesBuildPhase;
			buildActionMask = 2147483647;
			files = (
			);
			runOnlyForDeploymentPostprocessing = 0;
		};
/* End PBXResourcesBuildPhase section */

/* Begin PBXSourcesBuildPhase section */
		8EA65C1B2148149A00253336 /* Sources */ = {
			isa = PBXSourcesBuildPhase;
			buildActionMask = 2147483647;
			files = (
				8EA65C252148149A00253336 /* ViewController.swift in Sources */,
				8EA65C232148149A00253336 /* AppDelegate.swift in Sources */,
			);
			runOnlyForDeploymentPostprocessing = 0;
		};
		8EA65C2F2148149C00253336 /* Sources */ = {
			isa = PBXSourcesBuildPhase;
			buildActionMask = 2147483647;
			files = (
				8EA65C382148149C00253336 /* AppBTests.swift in Sources */,
			);
			runOnlyForDeploymentPostprocessing = 0;
		};
		8EA65C3A2148149C00253336 /* Sources */ = {
			isa = PBXSourcesBuildPhase;
			buildActionMask = 2147483647;
			files = (
				8EA65C432148149C00253336 /* AppBUITests.swift in Sources */,
			);
			runOnlyForDeploymentPostprocessing = 0;
		};
/* End PBXSourcesBuildPhase section */

/* Begin PBXTargetDependency section */
		8EA65C352148149C00253336 /* PBXTargetDependency */ = {
			isa = PBXTargetDependency;
			target = 8EA65C1E2148149A00253336 /* AppB */;
			targetProxy = 8EA65C342148149C00253336 /* PBXContainerItemProxy */;
		};
		8EA65C402148149C00253336 /* PBXTargetDependency */ = {
			isa = PBXTargetDependency;
			target = 8EA65C1E2148149A00253336 /* AppB */;
			targetProxy = 8EA65C3F2148149C00253336 /* PBXContainerItemProxy */;
		};
/* End PBXTargetDependency section */

/* Begin PBXVariantGroup section */
		8EA65C262148149A00253336 /* Main.storyboard */ = {
			isa = PBXVariantGroup;
			children = (
				8EA65C272148149A00253336 /* Base */,
			);
			name = Main.storyboard;
			sourceTree = "<group>";
		};
		8EA65C2B2148149B00253336 /* LaunchScreen.storyboard */ = {
			isa = PBXVariantGroup;
			children = (
				8EA65C2C2148149B00253336 /* Base */,
			);
			name = LaunchScreen.storyboard;
			sourceTree = "<group>";
		};
/* End PBXVariantGroup section */

/* Begin XCBuildConfiguration section */
		8EA65C452148149C00253336 /* Debug */ = {
			isa = XCBuildConfiguration;
			buildSettings = {
				ALWAYS_SEARCH_USER_PATHS = NO;
				CLANG_ANALYZER_NONNULL = YES;
				CLANG_ANALYZER_NUMBER_OBJECT_CONVERSION = YES_AGGRESSIVE;
				CLANG_CXX_LANGUAGE_STANDARD = "gnu++14";
				CLANG_CXX_LIBRARY = "libc++";
				CLANG_ENABLE_MODULES = YES;
				CLANG_ENABLE_OBJC_ARC = YES;
				CLANG_ENABLE_OBJC_WEAK = YES;
				CLANG_WARN_BLOCK_CAPTURE_AUTORELEASING = YES;
				CLANG_WARN_BOOL_CONVERSION = YES;
				CLANG_WARN_COMMA = YES;
				CLANG_WARN_CONSTANT_CONVERSION = YES;
				CLANG_WARN_DEPRECATED_OBJC_IMPLEMENTATIONS = YES;
				CLANG_WARN_DIRECT_OBJC_ISA_USAGE = YES_ERROR;
				CLANG_WARN_DOCUMENTATION_COMMENTS = YES;
				CLANG_WARN_EMPTY_BODY = YES;
				CLANG_WARN_ENUM_CONVERSION = YES;
				CLANG_WARN_INFINITE_RECURSION = YES;
				CLANG_WARN_INT_CONVERSION = YES;
				CLANG_WARN_NON_LITERAL_NULL_CONVERSION = YES;
				CLANG_WARN_OBJC_IMPLICIT_RETAIN_SELF = YES;
				CLANG_WARN_OBJC_LITERAL_CONVERSION = YES;
				CLANG_WARN_OBJC_ROOT_CLASS = YES_ERROR;
				CLANG_WARN_RANGE_LOOP_ANALYSIS = YES;
				CLANG_WARN_STRICT_PROTOTYPES = YES;
				CLANG_WARN_SUSPICIOUS_MOVE = YES;
				CLANG_WARN_UNGUARDED_AVAILABILITY = YES_AGGRESSIVE;
				CLANG_WARN_UNREACHABLE_CODE = YES;
				CLANG_WARN__DUPLICATE_METHOD_MATCH = YES;
				CODE_SIGN_IDENTITY = "iPhone Developer";
				COPY_PHASE_STRIP = NO;
				DEBUG_INFORMATION_FORMAT = dwarf;
				ENABLE_STRICT_OBJC_MSGSEND = YES;
				ENABLE_TESTABILITY = YES;
				GCC_C_LANGUAGE_STANDARD = gnu11;
				GCC_DYNAMIC_NO_PIC = NO;
				GCC_NO_COMMON_BLOCKS = YES;
				GCC_OPTIMIZATION_LEVEL = 0;
				GCC_PREPROCESSOR_DEFINITIONS = (
					"DEBUG=1",
					"$(inherited)",
				);
				GCC_WARN_64_TO_32_BIT_CONVERSION = YES;
				GCC_WARN_ABOUT_RETURN_TYPE = YES_ERROR;
				GCC_WARN_UNDECLARED_SELECTOR = YES;
				GCC_WARN_UNINITIALIZED_AUTOS = YES_AGGRESSIVE;
				GCC_WARN_UNUSED_FUNCTION = YES;
				GCC_WARN_UNUSED_VARIABLE = YES;
				IPHONEOS_DEPLOYMENT_TARGET = 11.4;
				MTL_ENABLE_DEBUG_INFO = YES;
				ONLY_ACTIVE_ARCH = YES;
				SDKROOT = iphoneos;
				SWIFT_ACTIVE_COMPILATION_CONDITIONS = DEBUG;
				SWIFT_OPTIMIZATION_LEVEL = "-Onone";
			};
			name = Debug;
		};
		8EA65C462148149C00253336 /* Release */ = {
			isa = XCBuildConfiguration;
			buildSettings = {
				ALWAYS_SEARCH_USER_PATHS = NO;
				CLANG_ANALYZER_NONNULL = YES;
				CLANG_ANALYZER_NUMBER_OBJECT_CONVERSION = YES_AGGRESSIVE;
				CLANG_CXX_LANGUAGE_STANDARD = "gnu++14";
				CLANG_CXX_LIBRARY = "libc++";
				CLANG_ENABLE_MODULES = YES;
				CLANG_ENABLE_OBJC_ARC = YES;
				CLANG_ENABLE_OBJC_WEAK = YES;
				CLANG_WARN_BLOCK_CAPTURE_AUTORELEASING = YES;
				CLANG_WARN_BOOL_CONVERSION = YES;
				CLANG_WARN_COMMA = YES;
				CLANG_WARN_CONSTANT_CONVERSION = YES;
				CLANG_WARN_DEPRECATED_OBJC_IMPLEMENTATIONS = YES;
				CLANG_WARN_DIRECT_OBJC_ISA_USAGE = YES_ERROR;
				CLANG_WARN_DOCUMENTATION_COMMENTS = YES;
				CLANG_WARN_EMPTY_BODY = YES;
				CLANG_WARN_ENUM_CONVERSION = YES;
				CLANG_WARN_INFINITE_RECURSION = YES;
				CLANG_WARN_INT_CONVERSION = YES;
				CLANG_WARN_NON_LITERAL_NULL_CONVERSION = YES;
				CLANG_WARN_OBJC_IMPLICIT_RETAIN_SELF = YES;
				CLANG_WARN_OBJC_LITERAL_CONVERSION = YES;
				CLANG_WARN_OBJC_ROOT_CLASS = YES_ERROR;
				CLANG_WARN_RANGE_LOOP_ANALYSIS = YES;
				CLANG_WARN_STRICT_PROTOTYPES = YES;
				CLANG_WARN_SUSPICIOUS_MOVE = YES;
				CLANG_WARN_UNGUARDED_AVAILABILITY = YES_AGGRESSIVE;
				CLANG_WARN_UNREACHABLE_CODE = YES;
				CLANG_WARN__DUPLICATE_METHOD_MATCH = YES;
				CODE_SIGN_IDENTITY = "iPhone Developer";
				COPY_PHASE_STRIP = NO;
				DEBUG_INFORMATION_FORMAT = "dwarf-with-dsym";
				ENABLE_NS_ASSERTIONS = NO;
				ENABLE_STRICT_OBJC_MSGSEND = YES;
				GCC_C_LANGUAGE_STANDARD = gnu11;
				GCC_NO_COMMON_BLOCKS = YES;
				GCC_WARN_64_TO_32_BIT_CONVERSION = YES;
				GCC_WARN_ABOUT_RETURN_TYPE = YES_ERROR;
				GCC_WARN_UNDECLARED_SELECTOR = YES;
				GCC_WARN_UNINITIALIZED_AUTOS = YES_AGGRESSIVE;
				GCC_WARN_UNUSED_FUNCTION = YES;
				GCC_WARN_UNUSED_VARIABLE = YES;
				IPHONEOS_DEPLOYMENT_TARGET = 11.4;
				MTL_ENABLE_DEBUG_INFO = NO;
				SDKROOT = iphoneos;
				SWIFT_COMPILATION_MODE = wholemodule;
				SWIFT_OPTIMIZATION_LEVEL = "-O";
				VALIDATE_PRODUCT = YES;
			};
			name = Release;
		};
		8EA65C482148149C00253336 /* Debug */ = {
			isa = XCBuildConfiguration;
			buildSettings = {
				ASSETCATALOG_COMPILER_APPICON_NAME = AppIcon;
				CODE_SIGN_STYLE = Automatic;
				DEVELOPMENT_TEAM = 9XPVHQT72G;
				INFOPLIST_FILE = AppB/Info.plist;
				LD_RUNPATH_SEARCH_PATHS = (
					"$(inherited)",
					"@executable_path/Frameworks",
				);
				PRODUCT_BUNDLE_IDENTIFIER = LeviTsai.AppB;
				PRODUCT_NAME = "$(TARGET_NAME)";
				SWIFT_VERSION = 4.0;
				TARGETED_DEVICE_FAMILY = "1,2";
			};
			name = Debug;
		};
		8EA65C492148149C00253336 /* Release */ = {
			isa = XCBuildConfiguration;
			buildSettings = {
				ASSETCATALOG_COMPILER_APPICON_NAME = AppIcon;
				CODE_SIGN_STYLE = Automatic;
				DEVELOPMENT_TEAM = 9XPVHQT72G;
				INFOPLIST_FILE = AppB/Info.plist;
				LD_RUNPATH_SEARCH_PATHS = (
					"$(inherited)",
					"@executable_path/Frameworks",
				);
				PRODUCT_BUNDLE_IDENTIFIER = LeviTsai.AppB;
				PRODUCT_NAME = "$(TARGET_NAME)";
				SWIFT_VERSION = 4.0;
				TARGETED_DEVICE_FAMILY = "1,2";
			};
			name = Release;
		};
		8EA65C4B2148149C00253336 /* Debug */ = {
			isa = XCBuildConfiguration;
			buildSettings = {
				ALWAYS_EMBED_SWIFT_STANDARD_LIBRARIES = YES;
				BUNDLE_LOADER = "$(TEST_HOST)";
				CODE_SIGN_STYLE = Automatic;
				DEVELOPMENT_TEAM = 9XPVHQT72G;
				INFOPLIST_FILE = AppBTests/Info.plist;
				LD_RUNPATH_SEARCH_PATHS = (
					"$(inherited)",
					"@executable_path/Frameworks",
					"@loader_path/Frameworks",
				);
				PRODUCT_BUNDLE_IDENTIFIER = LeviTsai.AppBTests;
				PRODUCT_NAME = "$(TARGET_NAME)";
				SWIFT_VERSION = 4.0;
				TARGETED_DEVICE_FAMILY = "1,2";
				TEST_HOST = "$(BUILT_PRODUCTS_DIR)/AppB.app/AppB";
			};
			name = Debug;
		};
		8EA65C4C2148149C00253336 /* Release */ = {
			isa = XCBuildConfiguration;
			buildSettings = {
				ALWAYS_EMBED_SWIFT_STANDARD_LIBRARIES = YES;
				BUNDLE_LOADER = "$(TEST_HOST)";
				CODE_SIGN_STYLE = Automatic;
				DEVELOPMENT_TEAM = 9XPVHQT72G;
				INFOPLIST_FILE = AppBTests/Info.plist;
				LD_RUNPATH_SEARCH_PATHS = (
					"$(inherited)",
					"@executable_path/Frameworks",
					"@loader_path/Frameworks",
				);
				PRODUCT_BUNDLE_IDENTIFIER = LeviTsai.AppBTests;
				PRODUCT_NAME = "$(TARGET_NAME)";
				SWIFT_VERSION = 4.0;
				TARGETED_DEVICE_FAMILY = "1,2";
				TEST_HOST = "$(BUILT_PRODUCTS_DIR)/AppB.app/AppB";
			};
			name = Release;
		};
		8EA65C4E2148149C00253336 /* Debug */ = {
			isa = XCBuildConfiguration;
			buildSettings = {
				ALWAYS_EMBED_SWIFT_STANDARD_LIBRARIES = YES;
				CODE_SIGN_STYLE = Automatic;
				DEVELOPMENT_TEAM = 9XPVHQT72G;
				INFOPLIST_FILE = AppBUITests/Info.plist;
				LD_RUNPATH_SEARCH_PATHS = (
					"$(inherited)",
					"@executable_path/Frameworks",
					"@loader_path/Frameworks",
				);
				PRODUCT_BUNDLE_IDENTIFIER = LeviTsai.AppBUITests;
				PRODUCT_NAME = "$(TARGET_NAME)";
				SWIFT_VERSION = 4.0;
				TARGETED_DEVICE_FAMILY = "1,2";
				TEST_TARGET_NAME = AppB;
			};
			name = Debug;
		};
		8EA65C4F2148149C00253336 /* Release */ = {
			isa = XCBuildConfiguration;
			buildSettings = {
				ALWAYS_EMBED_SWIFT_STANDARD_LIBRARIES = YES;
				CODE_SIGN_STYLE = Automatic;
				DEVELOPMENT_TEAM = 9XPVHQT72G;
				INFOPLIST_FILE = AppBUITests/Info.plist;
				LD_RUNPATH_SEARCH_PATHS = (
					"$(inherited)",
					"@executable_path/Frameworks",
					"@loader_path/Frameworks",
				);
				PRODUCT_BUNDLE_IDENTIFIER = LeviTsai.AppBUITests;
				PRODUCT_NAME = "$(TARGET_NAME)";
				SWIFT_VERSION = 4.0;
				TARGETED_DEVICE_FAMILY = "1,2";
				TEST_TARGET_NAME = AppB;
			};
			name = Release;
		};
/* End XCBuildConfiguration section */

/* Begin XCConfigurationList section */
		8EA65C1A2148149A00253336 /* Build configuration list for PBXProject "AppB" */ = {
			isa = XCConfigurationList;
			buildConfigurations = (
				8EA65C452148149C00253336 /* Debug */,
				8EA65C462148149C00253336 /* Release */,
			);
			defaultConfigurationIsVisible = 0;
			defaultConfigurationName = Release;
		};
		8EA65C472148149C00253336 /* Build configuration list for PBXNativeTarget "AppB" */ = {
			isa = XCConfigurationList;
			buildConfigurations = (
				8EA65C482148149C00253336 /* Debug */,
				8EA65C492148149C00253336 /* Release */,
			);
			defaultConfigurationIsVisible = 0;
			defaultConfigurationName = Release;
		};
		8EA65C4A2148149C00253336 /* Build configuration list for PBXNativeTarget "AppBTests" */ = {
			isa = XCConfigurationList;
			buildConfigurations = (
				8EA65C4B2148149C00253336 /* Debug */,
				8EA65C4C2148149C00253336 /* Release */,
			);
			defaultConfigurationIsVisible = 0;
			defaultConfigurationName = Release;
		};
		8EA65C4D2148149C00253336 /* Build configuration list for PBXNativeTarget "AppBUITests" */ = {
			isa = XCConfigurationList;
			buildConfigurations = (
				8EA65C4E2148149C00253336 /* Debug */,
				8EA65C4F2148149C00253336 /* Release */,
			);
			defaultConfigurationIsVisible = 0;
			defaultConfigurationName = Release;
		};
/* End XCConfigurationList section */
	};
	rootObject = 8EA65C172148149A00253336 /* Project object */;
}
